
Microsoft Visual Studio Solution File, Format Version 12.00
# Visual Studio 15
VisualStudioVersion = 15.0.28307.705
MinimumVisualStudioVersion = 10.0.40219.1
Project("{FAE04EC0-301F-11D3-BF4B-00C04F79EFBC}") = "BuggyCoreWebApi", "BuggyCoreWebApi\BuggyCoreWebApi.csproj", "{165DB256-14C4-4C81-BC4A-1A784F86A633}"
EndProject
Global
	GlobalSection(SolutionConfigurationPlatforms) = preSolution
		Debug|Any CPU = Debug|Any CPU
		Release|Any CPU = Release|Any CPU
	EndGlobalSection
	GlobalSection(ProjectConfigurationPlatforms) = postSolution
		{165DB256-14C4-4C81-BC4A-1A784F86A633}.Debug|Any CPU.ActiveCfg = Debug|Any CPU
		{165DB256-14C4-4C81-BC4A-1A784F86A633}.Debug|Any CPU.Build.0 = Debug|Any CPU
		{165DB256-14C4-4C81-BC4A-1A784F86A633}.Release|Any CPU.ActiveCfg = Release|Any CPU
		{165DB256-14C4-4C81-BC4A-1A784F86A633}.Release|Any CPU.Build.0 = Release|Any CPU
	EndGlobalSection
	GlobalSection(SolutionProperties) = preSolution
		HideSolutionNode = FALSE
	EndGlobalSection
	GlobalSection(ExtensibilityGlobals) = postSolution
		SolutionGuid = {9C0F856E-5C96-4994-91E1-631E1A431E90}
	EndGlobalSection
EndGlobal
